{
  "name": "twitter-sentiment-analysis",
  "version": "1.0.0",
  "lockfileVersion": 1,
  "requires": true,
  "dependencies": {
    "did-you-mean": {
      "version": "0.0.1",
      "resolved": "https://registry.npmjs.org/did-you-mean/-/did-you-mean-0.0.1.tgz",
      "integrity": "sha1-iFHOgkB5A8tiwSy2rU9naSHM3sM=",
      "dev": true,
      "requires": {
        "levenshtein": "*",
        "underscore": "*"
      }
    },
    "levenshtein": {
      "version": "1.0.5",
      "resolved": "https://registry.npmjs.org/levenshtein/-/levenshtein-1.0.5.tgz",
      "integrity": "sha1-ORFzepy1baNF0Aj1V4LG8TiXm6M=",
      "dev": true
    },
    "underscore": {
      "version": "1.12.0",
      "resolved": "https://registry.npmjs.org/underscore/-/underscore-1.12.0.tgz",
      "integrity": "sha512-21rQzss/XPMjolTiIezSu3JAjgagXKROtNrYFEOWK109qY1Uv2tVjPTZ1ci2HgvQDA16gHYSthQIJfB+XId/rQ==",
      "dev": true
    }
  }
}
